
Microsoft Visual Studio Solution File, Format Version 12.00
Project("{FAE04EC0-301F-11D3-BF4B-00C04F79EFBC}") = "AlgorithmsTest", "AlgorithmsTest\AlgorithmsTest.csproj", "{CA9BE9F6-5220-4B33-A95C-31726DEDE386}"
EndProject
Project("{FAE04EC0-301F-11D3-BF4B-00C04F79EFBC}") = "Di.Algorithms.PrefixTreeAlgorithm", "Di.Algorithms.PrefixTreeAlgorithm\Di.Algorithms.PrefixTreeAlgorithm.csproj", "{978B8CFE-0AAA-4A67-8EFE-C3B667A72519}"
EndProject
Project("{FAE04EC0-301F-11D3-BF4B-00C04F79EFBC}") = "Di.Algorithms.HeapAlgorithm", "Di.Algorithms.HeapAlgorithm\Di.Algorithms.HeapAlgorithm.csproj", "{534809D4-B031-49C7-AC57-FFBEA83452FF}"
EndProject
Project("{FAE04EC0-301F-11D3-BF4B-00C04F79EFBC}") = "Di.Algorithms.Common", "Di.Algorithms.Common\Di.Algorithms.Common.csproj", "{0C92E04D-2255-4AFC-8352-21AC9B2D14AB}"
EndProject
Global
	GlobalSection(SolutionConfigurationPlatforms) = preSolution
		Debug|Any CPU = Debug|Any CPU
		Release|Any CPU = Release|Any CPU
	EndGlobalSection
	GlobalSection(ProjectConfigurationPlatforms) = postSolution
		{CA9BE9F6-5220-4B33-A95C-31726DEDE386}.Release|Any CPU.ActiveCfg = Release|Any CPU
		{CA9BE9F6-5220-4B33-A95C-31726DEDE386}.Release|Any CPU.Build.0 = Release|Any CPU
		{CA9BE9F6-5220-4B33-A95C-31726DEDE386}.Debug|Any CPU.ActiveCfg = Release|Any CPU
		{CA9BE9F6-5220-4B33-A95C-31726DEDE386}.Debug|Any CPU.Build.0 = Release|Any CPU
		{978B8CFE-0AAA-4A67-8EFE-C3B667A72519}.Release|Any CPU.ActiveCfg = Release|Any CPU
		{978B8CFE-0AAA-4A67-8EFE-C3B667A72519}.Release|Any CPU.Build.0 = Release|Any CPU
		{978B8CFE-0AAA-4A67-8EFE-C3B667A72519}.Debug|Any CPU.ActiveCfg = Release|Any CPU
		{978B8CFE-0AAA-4A67-8EFE-C3B667A72519}.Debug|Any CPU.Build.0 = Release|Any CPU
		{534809D4-B031-49C7-AC57-FFBEA83452FF}.Debug|Any CPU.ActiveCfg = Debug|Any CPU
		{534809D4-B031-49C7-AC57-FFBEA83452FF}.Debug|Any CPU.Build.0 = Debug|Any CPU
		{534809D4-B031-49C7-AC57-FFBEA83452FF}.Release|Any CPU.ActiveCfg = Release|Any CPU
		{534809D4-B031-49C7-AC57-FFBEA83452FF}.Release|Any CPU.Build.0 = Release|Any CPU
		{0C92E04D-2255-4AFC-8352-21AC9B2D14AB}.Debug|Any CPU.ActiveCfg = Debug|Any CPU
		{0C92E04D-2255-4AFC-8352-21AC9B2D14AB}.Debug|Any CPU.Build.0 = Debug|Any CPU
		{0C92E04D-2255-4AFC-8352-21AC9B2D14AB}.Release|Any CPU.ActiveCfg = Release|Any CPU
		{0C92E04D-2255-4AFC-8352-21AC9B2D14AB}.Release|Any CPU.Build.0 = Release|Any CPU
	EndGlobalSection
EndGlobal
